
Microsoft Visual Studio Solution File, Format Version 12.00
# Visual Studio 14
VisualStudioVersion = 14.0.25420.1
MinimumVisualStudioVersion = 10.0.40219.1
Project("{FAE04EC0-301F-11D3-BF4B-00C04F79EFBC}") = "Passagens", "Passagens\Passagens.csproj", "{10821C79-3574-45B6-BC18-EC978611CAF9}"
EndProject
Project("{FAE04EC0-301F-11D3-BF4B-00C04F79EFBC}") = "Hosting", "Hosting\Hosting.csproj", "{CB0672C6-7BB4-471C-8ED6-F87FA11221B2}"
EndProject
Global
	GlobalSection(SolutionConfigurationPlatforms) = preSolution
		Debug|Any CPU = Debug|Any CPU
		Release|Any CPU = Release|Any CPU
	EndGlobalSection
	GlobalSection(ProjectConfigurationPlatforms) = postSolution
		{10821C79-3574-45B6-BC18-EC978611CAF9}.Debug|Any CPU.ActiveCfg = Debug|Any CPU
		{10821C79-3574-45B6-BC18-EC978611CAF9}.Debug|Any CPU.Build.0 = Debug|Any CPU
		{10821C79-3574-45B6-BC18-EC978611CAF9}.Release|Any CPU.ActiveCfg = Release|Any CPU
		{10821C79-3574-45B6-BC18-EC978611CAF9}.Release|Any CPU.Build.0 = Release|Any CPU
		{CB0672C6-7BB4-471C-8ED6-F87FA11221B2}.Debug|Any CPU.ActiveCfg = Debug|Any CPU
		{CB0672C6-7BB4-471C-8ED6-F87FA11221B2}.Debug|Any CPU.Build.0 = Debug|Any CPU
		{CB0672C6-7BB4-471C-8ED6-F87FA11221B2}.Release|Any CPU.ActiveCfg = Release|Any CPU
		{CB0672C6-7BB4-471C-8ED6-F87FA11221B2}.Release|Any CPU.Build.0 = Release|Any CPU
	EndGlobalSection
	GlobalSection(SolutionProperties) = preSolution
		HideSolutionNode = FALSE
	EndGlobalSection
EndGlobal
